// !$*UTF8*$!
{
	archiveVersion = 1;
	classes = {
	};
	objectVersion = 55;
	objects = {

/* Begin PBXBuildFile section */
		DDD4186B27FD26E200A46DD2 /* WheelchairRunApp.swift in Sources */ = {isa = PBXBuildFile; fileRef = DDD4186A27FD26E200A46DD2 /* WheelchairRunApp.swift */; };
		DDD4186D27FD26E200A46DD2 /* ContentView.swift in Sources */ = {isa = PBXBuildFile; fileRef = DDD4186C27FD26E200A46DD2 /* ContentView.swift */; };
		DDD4186F27FD26E400A46DD2 /* Assets.xcassets in Resources */ = {isa = PBXBuildFile; fileRef = DDD4186E27FD26E400A46DD2 /* Assets.xcassets */; };
		DDD4187227FD26E400A46DD2 /* Preview Assets.xcassets in Resources */ = {isa = PBXBuildFile; fileRef = DDD4187127FD26E400A46DD2 /* Preview Assets.xcassets */; };
		DDD4187427FD26E400A46DD2 /* Persistence.swift in Sources */ = {isa = PBXBuildFile; fileRef = DDD4187327FD26E400A46DD2 /* Persistence.swift */; };
		DDD4187727FD26E400A46DD2 /* WheelchairRun.xcdatamodeld in Sources */ = {isa = PBXBuildFile; fileRef = DDD4187527FD26E400A46DD2 /* WheelchairRun.xcdatamodeld */; };
		EF77119C27FD28D8004414A8 /* UIView+Woody.swift in Sources */ = {isa = PBXBuildFile; fileRef = EF77119B27FD28D8004414A8 /* UIView+Woody.swift */; };
		EF77119E27FD28EB004414A8 /* ModelTemp.swift in Sources */ = {isa = PBXBuildFile; fileRef = EF77119D27FD28EB004414A8 /* ModelTemp.swift */; };
		EF7711A027FD28F5004414A8 /* ViewModelTemp.swift in Sources */ = {isa = PBXBuildFile; fileRef = EF77119F27FD28F5004414A8 /* ViewModelTemp.swift */; };
		EF7711A227FD2901004414A8 /* VoiceMentorTemp.swift in Sources */ = {isa = PBXBuildFile; fileRef = EF7711A127FD2901004414A8 /* VoiceMentorTemp.swift */; };
		EF7711A427FD2907004414A8 /* StatisticTemp.swift in Sources */ = {isa = PBXBuildFile; fileRef = EF7711A327FD2907004414A8 /* StatisticTemp.swift */; };
		EF7711A627FD290C004414A8 /* TrackingTemp.swift in Sources */ = {isa = PBXBuildFile; fileRef = EF7711A527FD290C004414A8 /* TrackingTemp.swift */; };
		EF7711A827FD2910004414A8 /* HomeTemp.swift in Sources */ = {isa = PBXBuildFile; fileRef = EF7711A727FD2910004414A8 /* HomeTemp.swift */; };
		EFDF4ABC27FD3E4C000C175B /* MentorModel_woody.swift in Sources */ = {isa = PBXBuildFile; fileRef = EFDF4ABB27FD3E4C000C175B /* MentorModel_woody.swift */; };
/* End PBXBuildFile section */

/* Begin PBXFileReference section */
		DDD4186727FD26E200A46DD2 /* WheelchairRun.app */ = {isa = PBXFileReference; explicitFileType = wrapper.application; includeInIndex = 0; path = WheelchairRun.app; sourceTree = BUILT_PRODUCTS_DIR; };
		DDD4186A27FD26E200A46DD2 /* WheelchairRunApp.swift */ = {isa = PBXFileReference; lastKnownFileType = sourcecode.swift; path = WheelchairRunApp.swift; sourceTree = "<group>"; };
		DDD4186C27FD26E200A46DD2 /* ContentView.swift */ = {isa = PBXFileReference; lastKnownFileType = sourcecode.swift; path = ContentView.swift; sourceTree = "<group>"; };
		DDD4186E27FD26E400A46DD2 /* Assets.xcassets */ = {isa = PBXFileReference; lastKnownFileType = folder.assetcatalog; path = Assets.xcassets; sourceTree = "<group>"; };
		DDD4187127FD26E400A46DD2 /* Preview Assets.xcassets */ = {isa = PBXFileReference; lastKnownFileType = folder.assetcatalog; path = "Preview Assets.xcassets"; sourceTree = "<group>"; };
		DDD4187327FD26E400A46DD2 /* Persistence.swift */ = {isa = PBXFileReference; lastKnownFileType = sourcecode.swift; path = Persistence.swift; sourceTree = "<group>"; };
		DDD4187627FD26E400A46DD2 /* WheelchairRun.xcdatamodel */ = {isa = PBXFileReference; lastKnownFileType = wrapper.xcdatamodel; path = WheelchairRun.xcdatamodel; sourceTree = "<group>"; };
		EF77119B27FD28D8004414A8 /* UIView+Woody.swift */ = {isa = PBXFileReference; lastKnownFileType = sourcecode.swift; path = "UIView+Woody.swift"; sourceTree = "<group>"; };
		EF77119D27FD28EB004414A8 /* ModelTemp.swift */ = {isa = PBXFileReference; lastKnownFileType = sourcecode.swift; path = ModelTemp.swift; sourceTree = "<group>"; };
		EF77119F27FD28F5004414A8 /* ViewModelTemp.swift */ = {isa = PBXFileReference; lastKnownFileType = sourcecode.swift; path = ViewModelTemp.swift; sourceTree = "<group>"; };
		EF7711A127FD2901004414A8 /* VoiceMentorTemp.swift */ = {isa = PBXFileReference; lastKnownFileType = sourcecode.swift; path = VoiceMentorTemp.swift; sourceTree = "<group>"; };
		EF7711A327FD2907004414A8 /* StatisticTemp.swift */ = {isa = PBXFileReference; lastKnownFileType = sourcecode.swift; path = StatisticTemp.swift; sourceTree = "<group>"; };
		EF7711A527FD290C004414A8 /* TrackingTemp.swift */ = {isa = PBXFileReference; lastKnownFileType = sourcecode.swift; path = TrackingTemp.swift; sourceTree = "<group>"; };
		EF7711A727FD2910004414A8 /* HomeTemp.swift */ = {isa = PBXFileReference; lastKnownFileType = sourcecode.swift; path = HomeTemp.swift; sourceTree = "<group>"; };
		EFDF4ABB27FD3E4C000C175B /* MentorModel_woody.swift */ = {isa = PBXFileReference; lastKnownFileType = sourcecode.swift; path = MentorModel_woody.swift; sourceTree = "<group>"; };
/* End PBXFileReference section */

/* Begin PBXFrameworksBuildPhase section */
		DDD4186427FD26E200A46DD2 /* Frameworks */ = {
			isa = PBXFrameworksBuildPhase;
			buildActionMask = 2147483647;
			files = (
			);
			runOnlyForDeploymentPostprocessing = 0;
		};
/* End PBXFrameworksBuildPhase section */

/* Begin PBXGroup section */
		DDD4185E27FD26E200A46DD2 = {
			isa = PBXGroup;
			children = (
				DDD4186927FD26E200A46DD2 /* WheelchairRun */,
				DDD4186827FD26E200A46DD2 /* Products */,
			);
			sourceTree = "<group>";
		};
		DDD4186827FD26E200A46DD2 /* Products */ = {
			isa = PBXGroup;
			children = (
				DDD4186727FD26E200A46DD2 /* WheelchairRun.app */,
			);
			name = Products;
			sourceTree = "<group>";
		};
		DDD4186927FD26E200A46DD2 /* WheelchairRun */ = {
			isa = PBXGroup;
			children = (
				EF77119127FD2891004414A8 /* Resource */,
				EF77119027FD288D004414A8 /* Source */,
				DDD4187027FD26E400A46DD2 /* Preview Content */,
			);
			path = WheelchairRun;
			sourceTree = "<group>";
		};
		DDD4187027FD26E400A46DD2 /* Preview Content */ = {
			isa = PBXGroup;
			children = (
				DDD4187127FD26E400A46DD2 /* Preview Assets.xcassets */,
			);
			path = "Preview Content";
			sourceTree = "<group>";
		};
		EF77119027FD288D004414A8 /* Source */ = {
			isa = PBXGroup;
			children = (
				DDD4186A27FD26E200A46DD2 /* WheelchairRunApp.swift */,
				EF77119927FD28CB004414A8 /* Global */,
				EF77119827FD28C1004414A8 /* Model */,
				EF77119727FD28BA004414A8 /* ViewModel */,
				EF77119227FD2896004414A8 /* View */,
			);
			path = Source;
			sourceTree = "<group>";
		};
		EF77119127FD2891004414A8 /* Resource */ = {
			isa = PBXGroup;
			children = (
				DDD4186E27FD26E400A46DD2 /* Assets.xcassets */,
			);
			path = Resource;
			sourceTree = "<group>";
		};
		EF77119227FD2896004414A8 /* View */ = {
			isa = PBXGroup;
			children = (
				EF77119627FD28AC004414A8 /* VoiceMentor */,
				EF77119527FD28A4004414A8 /* Statistic */,
				EF77119427FD289E004414A8 /* Tracking */,
				EF77119327FD289B004414A8 /* Home */,
			);
			path = View;
			sourceTree = "<group>";
		};
		EF77119327FD289B004414A8 /* Home */ = {
			isa = PBXGroup;
			children = (
				DDD4186C27FD26E200A46DD2 /* ContentView.swift */,
				EF7711A727FD2910004414A8 /* HomeTemp.swift */,
			);
			path = Home;
			sourceTree = "<group>";
		};
		EF77119427FD289E004414A8 /* Tracking */ = {
			isa = PBXGroup;
			children = (
				EF7711A527FD290C004414A8 /* TrackingTemp.swift */,
			);
			path = Tracking;
			sourceTree = "<group>";
		};
		EF77119527FD28A4004414A8 /* Statistic */ = {
			isa = PBXGroup;
			children = (
				EF7711A327FD2907004414A8 /* StatisticTemp.swift */,
			);
			path = Statistic;
			sourceTree = "<group>";
		};
		EF77119627FD28AC004414A8 /* VoiceMentor */ = {
			isa = PBXGroup;
			children = (
				EF7711A127FD2901004414A8 /* VoiceMentorTemp.swift */,
				EFDF4ABB27FD3E4C000C175B /* MentorModel_woody.swift */,
			);
			path = VoiceMentor;
			sourceTree = "<group>";
		};
		EF77119727FD28BA004414A8 /* ViewModel */ = {
			isa = PBXGroup;
			children = (
				EF77119F27FD28F5004414A8 /* ViewModelTemp.swift */,
			);
			path = ViewModel;
			sourceTree = "<group>";
		};
		EF77119827FD28C1004414A8 /* Model */ = {
			isa = PBXGroup;
			children = (
				EF77119D27FD28EB004414A8 /* ModelTemp.swift */,
			);
			path = Model;
			sourceTree = "<group>";
		};
		EF77119927FD28CB004414A8 /* Global */ = {
			isa = PBXGroup;
			children = (
				EF7711A927FD294A004414A8 /* Core Data */,
				EF77119A27FD28D0004414A8 /* Extension */,
			);
			path = Global;
			sourceTree = "<group>";
		};
		EF77119A27FD28D0004414A8 /* Extension */ = {
			isa = PBXGroup;
			children = (
				EF77119B27FD28D8004414A8 /* UIView+Woody.swift */,
			);
			path = Extension;
			sourceTree = "<group>";
		};
		EF7711A927FD294A004414A8 /* Core Data */ = {
			isa = PBXGroup;
			children = (
				DDD4187327FD26E400A46DD2 /* Persistence.swift */,
				DDD4187527FD26E400A46DD2 /* WheelchairRun.xcdatamodeld */,
			);
			path = "Core Data";
			sourceTree = "<group>";
		};
/* End PBXGroup section */

/* Begin PBXNativeTarget section */
		DDD4186627FD26E200A46DD2 /* WheelchairRun */ = {
			isa = PBXNativeTarget;
			buildConfigurationList = DDD4187A27FD26E400A46DD2 /* Build configuration list for PBXNativeTarget "WheelchairRun" */;
			buildPhases = (
				DDD4186327FD26E200A46DD2 /* Sources */,
				DDD4186427FD26E200A46DD2 /* Frameworks */,
				DDD4186527FD26E200A46DD2 /* Resources */,
			);
			buildRules = (
			);
			dependencies = (
			);
			name = WheelchairRun;
			productName = WheelchairRun;
			productReference = DDD4186727FD26E200A46DD2 /* WheelchairRun.app */;
			productType = "com.apple.product-type.application";
		};
/* End PBXNativeTarget section */

/* Begin PBXProject section */
		DDD4185F27FD26E200A46DD2 /* Project object */ = {
			isa = PBXProject;
			attributes = {
				BuildIndependentTargetsInParallel = 1;
				LastSwiftUpdateCheck = 1330;
				LastUpgradeCheck = 1330;
				TargetAttributes = {
					DDD4186627FD26E200A46DD2 = {
						CreatedOnToolsVersion = 13.3;
					};
				};
			};
			buildConfigurationList = DDD4186227FD26E200A46DD2 /* Build configuration list for PBXProject "WheelchairRun" */;
			compatibilityVersion = "Xcode 13.0";
			developmentRegion = en;
			hasScannedForEncodings = 0;
			knownRegions = (
				en,
				Base,
			);
			mainGroup = DDD4185E27FD26E200A46DD2;
			productRefGroup = DDD4186827FD26E200A46DD2 /* Products */;
			projectDirPath = "";
			projectRoot = "";
			targets = (
				DDD4186627FD26E200A46DD2 /* WheelchairRun */,
			);
		};
/* End PBXProject section */

/* Begin PBXResourcesBuildPhase section */
		DDD4186527FD26E200A46DD2 /* Resources */ = {
			isa = PBXResourcesBuildPhase;
			buildActionMask = 2147483647;
			files = (
				DDD4187227FD26E400A46DD2 /* Preview Assets.xcassets in Resources */,
				DDD4186F27FD26E400A46DD2 /* Assets.xcassets in Resources */,
			);
			runOnlyForDeploymentPostprocessing = 0;
		};
/* End PBXResourcesBuildPhase section */

/* Begin PBXSourcesBuildPhase section */
		DDD4186327FD26E200A46DD2 /* Sources */ = {
			isa = PBXSourcesBuildPhase;
			buildActionMask = 2147483647;
			files = (
				EF7711A627FD290C004414A8 /* TrackingTemp.swift in Sources */,
				EF7711A427FD2907004414A8 /* StatisticTemp.swift in Sources */,
				EF77119C27FD28D8004414A8 /* UIView+Woody.swift in Sources */,
				EF7711A227FD2901004414A8 /* VoiceMentorTemp.swift in Sources */,
				EF7711A027FD28F5004414A8 /* ViewModelTemp.swift in Sources */,
				DDD4187427FD26E400A46DD2 /* Persistence.swift in Sources */,
				EF7711A827FD2910004414A8 /* HomeTemp.swift in Sources */,
				DDD4186D27FD26E200A46DD2 /* ContentView.swift in Sources */,
				DDD4186B27FD26E200A46DD2 /* WheelchairRunApp.swift in Sources */,
				DDD4187727FD26E400A46DD2 /* WheelchairRun.xcdatamodeld in Sources */,
				EF77119E27FD28EB004414A8 /* ModelTemp.swift in Sources */,
				EFDF4ABC27FD3E4C000C175B /* MentorModel_woody.swift in Sources */,
			);
			runOnlyForDeploymentPostprocessing = 0;
		};
/* End PBXSourcesBuildPhase section */

/* Begin XCBuildConfiguration section */
		DDD4187827FD26E400A46DD2 /* Debug */ = {
			isa = XCBuildConfiguration;
			buildSettings = {
				ALWAYS_SEARCH_USER_PATHS = NO;
				CLANG_ANALYZER_NONNULL = YES;
				CLANG_ANALYZER_NUMBER_OBJECT_CONVERSION = YES_AGGRESSIVE;
				CLANG_CXX_LANGUAGE_STANDARD = "gnu++17";
				CLANG_ENABLE_MODULES = YES;
				CLANG_ENABLE_OBJC_ARC = YES;
				CLANG_ENABLE_OBJC_WEAK = YES;
				CLANG_WARN_BLOCK_CAPTURE_AUTORELEASING = YES;
				CLANG_WARN_BOOL_CONVERSION = YES;
				CLANG_WARN_COMMA = YES;
				CLANG_WARN_CONSTANT_CONVERSION = YES;
				CLANG_WARN_DEPRECATED_OBJC_IMPLEMENTATIONS = YES;
				CLANG_WARN_DIRECT_OBJC_ISA_USAGE = YES_ERROR;
				CLANG_WARN_DOCUMENTATION_COMMENTS = YES;
				CLANG_WARN_EMPTY_BODY = YES;
				CLANG_WARN_ENUM_CONVERSION = YES;
				CLANG_WARN_INFINITE_RECURSION = YES;
				CLANG_WARN_INT_CONVERSION = YES;
				CLANG_WARN_NON_LITERAL_NULL_CONVERSION = YES;
				CLANG_WARN_OBJC_IMPLICIT_RETAIN_SELF = YES;
				CLANG_WARN_OBJC_LITERAL_CONVERSION = YES;
				CLANG_WARN_OBJC_ROOT_CLASS = YES_ERROR;
				CLANG_WARN_QUOTED_INCLUDE_IN_FRAMEWORK_HEADER = YES;
				CLANG_WARN_RANGE_LOOP_ANALYSIS = YES;
				CLANG_WARN_STRICT_PROTOTYPES = YES;
				CLANG_WARN_SUSPICIOUS_MOVE = YES;
				CLANG_WARN_UNGUARDED_AVAILABILITY = YES_AGGRESSIVE;
				CLANG_WARN_UNREACHABLE_CODE = YES;
				CLANG_WARN__DUPLICATE_METHOD_MATCH = YES;
				COPY_PHASE_STRIP = NO;
				DEBUG_INFORMATION_FORMAT = dwarf;
				ENABLE_STRICT_OBJC_MSGSEND = YES;
				ENABLE_TESTABILITY = YES;
				GCC_C_LANGUAGE_STANDARD = gnu11;
				GCC_DYNAMIC_NO_PIC = NO;
				GCC_NO_COMMON_BLOCKS = YES;
				GCC_OPTIMIZATION_LEVEL = 0;
				GCC_PREPROCESSOR_DEFINITIONS = (
					"DEBUG=1",
					"$(inherited)",
				);
				GCC_WARN_64_TO_32_BIT_CONVERSION = YES;
				GCC_WARN_ABOUT_RETURN_TYPE = YES_ERROR;
				GCC_WARN_UNDECLARED_SELECTOR = YES;
				GCC_WARN_UNINITIALIZED_AUTOS = YES_AGGRESSIVE;
				GCC_WARN_UNUSED_FUNCTION = YES;
				GCC_WARN_UNUSED_VARIABLE = YES;
				IPHONEOS_DEPLOYMENT_TARGET = 15.4;
				MTL_ENABLE_DEBUG_INFO = INCLUDE_SOURCE;
				MTL_FAST_MATH = YES;
				ONLY_ACTIVE_ARCH = YES;
				SDKROOT = iphoneos;
				SWIFT_ACTIVE_COMPILATION_CONDITIONS = DEBUG;
				SWIFT_OPTIMIZATION_LEVEL = "-Onone";
			};
			name = Debug;
		};
		DDD4187927FD26E400A46DD2 /* Release */ = {
			isa = XCBuildConfiguration;
			buildSettings = {
				ALWAYS_SEARCH_USER_PATHS = NO;
				CLANG_ANALYZER_NONNULL = YES;
				CLANG_ANALYZER_NUMBER_OBJECT_CONVERSION = YES_AGGRESSIVE;
				CLANG_CXX_LANGUAGE_STANDARD = "gnu++17";
				CLANG_ENABLE_MODULES = YES;
				CLANG_ENABLE_OBJC_ARC = YES;
				CLANG_ENABLE_OBJC_WEAK = YES;
				CLANG_WARN_BLOCK_CAPTURE_AUTORELEASING = YES;
				CLANG_WARN_BOOL_CONVERSION = YES;
				CLANG_WARN_COMMA = YES;
				CLANG_WARN_CONSTANT_CONVERSION = YES;
				CLANG_WARN_DEPRECATED_OBJC_IMPLEMENTATIONS = YES;
				CLANG_WARN_DIRECT_OBJC_ISA_USAGE = YES_ERROR;
				CLANG_WARN_DOCUMENTATION_COMMENTS = YES;
				CLANG_WARN_EMPTY_BODY = YES;
				CLANG_WARN_ENUM_CONVERSION = YES;
				CLANG_WARN_INFINITE_RECURSION = YES;
				CLANG_WARN_INT_CONVERSION = YES;
				CLANG_WARN_NON_LITERAL_NULL_CONVERSION = YES;
				CLANG_WARN_OBJC_IMPLICIT_RETAIN_SELF = YES;
				CLANG_WARN_OBJC_LITERAL_CONVERSION = YES;
				CLANG_WARN_OBJC_ROOT_CLASS = YES_ERROR;
				CLANG_WARN_QUOTED_INCLUDE_IN_FRAMEWORK_HEADER = YES;
				CLANG_WARN_RANGE_LOOP_ANALYSIS = YES;
				CLANG_WARN_STRICT_PROTOTYPES = YES;
				CLANG_WARN_SUSPICIOUS_MOVE = YES;
				CLANG_WARN_UNGUARDED_AVAILABILITY = YES_AGGRESSIVE;
				CLANG_WARN_UNREACHABLE_CODE = YES;
				CLANG_WARN__DUPLICATE_METHOD_MATCH = YES;
				COPY_PHASE_STRIP = NO;
				DEBUG_INFORMATION_FORMAT = "dwarf-with-dsym";
				ENABLE_NS_ASSERTIONS = NO;
				ENABLE_STRICT_OBJC_MSGSEND = YES;
				GCC_C_LANGUAGE_STANDARD = gnu11;
				GCC_NO_COMMON_BLOCKS = YES;
				GCC_WARN_64_TO_32_BIT_CONVERSION = YES;
				GCC_WARN_ABOUT_RETURN_TYPE = YES_ERROR;
				GCC_WARN_UNDECLARED_SELECTOR = YES;
				GCC_WARN_UNINITIALIZED_AUTOS = YES_AGGRESSIVE;
				GCC_WARN_UNUSED_FUNCTION = YES;
				GCC_WARN_UNUSED_VARIABLE = YES;
				IPHONEOS_DEPLOYMENT_TARGET = 15.4;
				MTL_ENABLE_DEBUG_INFO = NO;
				MTL_FAST_MATH = YES;
				SDKROOT = iphoneos;
				SWIFT_COMPILATION_MODE = wholemodule;
				SWIFT_OPTIMIZATION_LEVEL = "-O";
				VALIDATE_PRODUCT = YES;
			};
			name = Release;
		};
		DDD4187B27FD26E400A46DD2 /* Debug */ = {
			isa = XCBuildConfiguration;
			buildSettings = {
				ASSETCATALOG_COMPILER_APPICON_NAME = AppIcon;
				ASSETCATALOG_COMPILER_GLOBAL_ACCENT_COLOR_NAME = AccentColor;
				CODE_SIGN_STYLE = Automatic;
				CURRENT_PROJECT_VERSION = 1;
				DEVELOPMENT_ASSET_PATHS = "\"WheelchairRun/Preview Content\"";
				ENABLE_PREVIEWS = YES;
				GENERATE_INFOPLIST_FILE = YES;
				INFOPLIST_KEY_UIApplicationSceneManifest_Generation = YES;
				INFOPLIST_KEY_UIApplicationSupportsIndirectInputEvents = YES;
				INFOPLIST_KEY_UILaunchScreen_Generation = YES;
				INFOPLIST_KEY_UISupportedInterfaceOrientations_iPad = "UIInterfaceOrientationPortrait UIInterfaceOrientationPortraitUpsideDown UIInterfaceOrientationLandscapeLeft UIInterfaceOrientationLandscapeRight";
				INFOPLIST_KEY_UISupportedInterfaceOrientations_iPhone = "UIInterfaceOrientationPortrait UIInterfaceOrientationLandscapeLeft UIInterfaceOrientationLandscapeRight";
				LD_RUNPATH_SEARCH_PATHS = (
					"$(inherited)",
					"@executable_path/Frameworks",
				);
				MARKETING_VERSION = 1.0;
				PRODUCT_BUNDLE_IDENTIFIER = com.WheelchairRun;
				PRODUCT_NAME = "$(TARGET_NAME)";
				SWIFT_EMIT_LOC_STRINGS = YES;
				SWIFT_VERSION = 5.0;
				TARGETED_DEVICE_FAMILY = "1,2";
			};
			name = Debug;
		};
		DDD4187C27FD26E400A46DD2 /* Release */ = {
			isa = XCBuildConfiguration;
			buildSettings = {
				ASSETCATALOG_COMPILER_APPICON_NAME = AppIcon;
				ASSETCATALOG_COMPILER_GLOBAL_ACCENT_COLOR_NAME = AccentColor;
				CODE_SIGN_STYLE = Automatic;
				CURRENT_PROJECT_VERSION = 1;
				DEVELOPMENT_ASSET_PATHS = "\"WheelchairRun/Preview Content\"";
				ENABLE_PREVIEWS = YES;
				GENERATE_INFOPLIST_FILE = YES;
				INFOPLIST_KEY_UIApplicationSceneManifest_Generation = YES;
				INFOPLIST_KEY_UIApplicationSupportsIndirectInputEvents = YES;
				INFOPLIST_KEY_UILaunchScreen_Generation = YES;
				INFOPLIST_KEY_UISupportedInterfaceOrientations_iPad = "UIInterfaceOrientationPortrait UIInterfaceOrientationPortraitUpsideDown UIInterfaceOrientationLandscapeLeft UIInterfaceOrientationLandscapeRight";
				INFOPLIST_KEY_UISupportedInterfaceOrientations_iPhone = "UIInterfaceOrientationPortrait UIInterfaceOrientationLandscapeLeft UIInterfaceOrientationLandscapeRight";
				LD_RUNPATH_SEARCH_PATHS = (
					"$(inherited)",
					"@executable_path/Frameworks",
				);
				MARKETING_VERSION = 1.0;
				PRODUCT_BUNDLE_IDENTIFIER = com.WheelchairRun;
				PRODUCT_NAME = "$(TARGET_NAME)";
				SWIFT_EMIT_LOC_STRINGS = YES;
				SWIFT_VERSION = 5.0;
				TARGETED_DEVICE_FAMILY = "1,2";
			};
			name = Release;
		};
/* End XCBuildConfiguration section */

/* Begin XCConfigurationList section */
		DDD4186227FD26E200A46DD2 /* Build configuration list for PBXProject "WheelchairRun" */ = {
			isa = XCConfigurationList;
			buildConfigurations = (
				DDD4187827FD26E400A46DD2 /* Debug */,
				DDD4187927FD26E400A46DD2 /* Release */,
			);
			defaultConfigurationIsVisible = 0;
			defaultConfigurationName = Release;
		};
		DDD4187A27FD26E400A46DD2 /* Build configuration list for PBXNativeTarget "WheelchairRun" */ = {
			isa = XCConfigurationList;
			buildConfigurations = (
				DDD4187B27FD26E400A46DD2 /* Debug */,
				DDD4187C27FD26E400A46DD2 /* Release */,
			);
			defaultConfigurationIsVisible = 0;
			defaultConfigurationName = Release;
		};
/* End XCConfigurationList section */

/* Begin XCVersionGroup section */
		DDD4187527FD26E400A46DD2 /* WheelchairRun.xcdatamodeld */ = {
			isa = XCVersionGroup;
			children = (
				DDD4187627FD26E400A46DD2 /* WheelchairRun.xcdatamodel */,
			);
			currentVersion = DDD4187627FD26E400A46DD2 /* WheelchairRun.xcdatamodel */;
			path = WheelchairRun.xcdatamodeld;
			sourceTree = "<group>";
			versionGroupType = wrapper.xcdatamodel;
		};
/* End XCVersionGroup section */
	};
	rootObject = DDD4185F27FD26E200A46DD2 /* Project object */;
}
